
Microsoft Visual Studio Solution File, Format Version 12.00
# Visual Studio 15
VisualStudioVersion = 15.0.28010.2041
MinimumVisualStudioVersion = 10.0.40219.1
Project("{FAE04EC0-301F-11D3-BF4B-00C04F79EFBC}") = "eat", "MrCy\eat.csproj", "{C8D09DC3-7B78-4213-A581-C3AB844038C4}"
EndProject
Global
	GlobalSection(SolutionConfigurationPlatforms) = preSolution
		Debug|Any CPU = Debug|Any CPU
		Release|Any CPU = Release|Any CPU
	EndGlobalSection
	GlobalSection(ProjectConfigurationPlatforms) = postSolution
		{C8D09DC3-7B78-4213-A581-C3AB844038C4}.Debug|Any CPU.ActiveCfg = Debug|Any CPU
		{C8D09DC3-7B78-4213-A581-C3AB844038C4}.Debug|Any CPU.Build.0 = Debug|Any CPU
		{C8D09DC3-7B78-4213-A581-C3AB844038C4}.Release|Any CPU.ActiveCfg = Release|Any CPU
		{C8D09DC3-7B78-4213-A581-C3AB844038C4}.Release|Any CPU.Build.0 = Release|Any CPU
	EndGlobalSection
	GlobalSection(SolutionProperties) = preSolution
		HideSolutionNode = FALSE
	EndGlobalSection
	GlobalSection(ExtensibilityGlobals) = postSolution
		SolutionGuid = {4582F14D-905C-44E2-9716-48FC8AE6BB98}
	EndGlobalSection
EndGlobal
