// !$*UTF8*$!
{
	archiveVersion = 1;
	classes = {
	};
	objectVersion = 46;
	objects = {

/* Begin PBXBuildFile section */
		A7D75F0DD34B28E6740E75E9 /* Pods_study.framework in Frameworks */ = {isa = PBXBuildFile; fileRef = 0A4B67FDC1236B52C030A9FB /* Pods_study.framework */; };
		D2BAF2794D34368C3E205A85 /* main.swift in Sources */ = {isa = PBXBuildFile; fileRef = D2BAF34856AFBAD09545F7CC /* main.swift */; };
/* End PBXBuildFile section */

/* Begin PBXCopyFilesBuildPhase section */
		D2BAF670BC11388946EA75D5 /* CopyFiles */ = {
			isa = PBXCopyFilesBuildPhase;
			buildActionMask = 2147483647;
			dstPath = /usr/share/man/man1/;
			dstSubfolderSpec = 0;
			files = (
			);
			runOnlyForDeploymentPostprocessing = 1;
		};
/* End PBXCopyFilesBuildPhase section */

/* Begin PBXFileReference section */
		0A4B67FDC1236B52C030A9FB /* Pods_study.framework */ = {isa = PBXFileReference; explicitFileType = wrapper.framework; includeInIndex = 0; path = Pods_study.framework; sourceTree = BUILT_PRODUCTS_DIR; };
		3A1B3BEB32B3B5B5A4347C21 /* Pods-study.release.xcconfig */ = {isa = PBXFileReference; includeInIndex = 1; lastKnownFileType = text.xcconfig; name = "Pods-study.release.xcconfig"; path = "Pods/Target Support Files/Pods-study/Pods-study.release.xcconfig"; sourceTree = "<group>"; };
		C0783932FC7A8D3D1216C877 /* Pods-study.debug.xcconfig */ = {isa = PBXFileReference; includeInIndex = 1; lastKnownFileType = text.xcconfig; name = "Pods-study.debug.xcconfig"; path = "Pods/Target Support Files/Pods-study/Pods-study.debug.xcconfig"; sourceTree = "<group>"; };
		D2BAF34856AFBAD09545F7CC /* main.swift */ = {isa = PBXFileReference; lastKnownFileType = sourcecode.swift; path = main.swift; sourceTree = "<group>"; };
		D2BAF6D22AFBDF9E9F71EF48 /* study */ = {isa = PBXFileReference; explicitFileType = "compiled.mach-o.executable"; includeInIndex = 0; path = study; sourceTree = BUILT_PRODUCTS_DIR; };
/* End PBXFileReference section */

/* Begin PBXFrameworksBuildPhase section */
		D2BAF84D391DCD04C4087FA5 /* Frameworks */ = {
			isa = PBXFrameworksBuildPhase;
			buildActionMask = 2147483647;
			files = (
				A7D75F0DD34B28E6740E75E9 /* Pods_study.framework in Frameworks */,
			);
			runOnlyForDeploymentPostprocessing = 0;
		};
/* End PBXFrameworksBuildPhase section */

/* Begin PBXGroup section */
		CB606D76406DBADF1E00DC87 /* Frameworks */ = {
			isa = PBXGroup;
			children = (
				0A4B67FDC1236B52C030A9FB /* Pods_study.framework */,
			);
			name = Frameworks;
			sourceTree = "<group>";
		};
		D2BAF3B703D1D0CBC5FE5390 /* study */ = {
			isa = PBXGroup;
			children = (
				D2BAF34856AFBAD09545F7CC /* main.swift */,
			);
			path = study;
			sourceTree = "<group>";
		};
		D2BAF58DB95218B0C831EC82 /* Products */ = {
			isa = PBXGroup;
			children = (
				D2BAF6D22AFBDF9E9F71EF48 /* study */,
			);
			name = Products;
			sourceTree = "<group>";
		};
		D2BAFB9E975DD351EFB53978 = {
			isa = PBXGroup;
			children = (
				D2BAF58DB95218B0C831EC82 /* Products */,
				D2BAF3B703D1D0CBC5FE5390 /* study */,
				EF073F4DA4901A39451B8A74 /* Pods */,
				CB606D76406DBADF1E00DC87 /* Frameworks */,
			);
			sourceTree = "<group>";
		};
		EF073F4DA4901A39451B8A74 /* Pods */ = {
			isa = PBXGroup;
			children = (
				C0783932FC7A8D3D1216C877 /* Pods-study.debug.xcconfig */,
				3A1B3BEB32B3B5B5A4347C21 /* Pods-study.release.xcconfig */,
			);
			name = Pods;
			sourceTree = "<group>";
		};
/* End PBXGroup section */

/* Begin PBXNativeTarget section */
		D2BAFE67F82D2B5D967CAD3B /* study */ = {
			isa = PBXNativeTarget;
			buildConfigurationList = D2BAF6A4C0E7A1BAE25EB274 /* Build configuration list for PBXNativeTarget "study" */;
			buildPhases = (
				9D1DF952FB4319254C63730B /* [CP] Check Pods Manifest.lock */,
				D2BAF00D9C3908BCD3A8EC6E /* Sources */,
				D2BAF84D391DCD04C4087FA5 /* Frameworks */,
				D2BAF670BC11388946EA75D5 /* CopyFiles */,
				EF41736FEAB920154DF271B0 /* [CP] Copy Pods Resources */,
			);
			buildRules = (
			);
			dependencies = (
			);
			name = study;
			productName = study;
			productReference = D2BAF6D22AFBDF9E9F71EF48 /* study */;
			productType = "com.apple.product-type.tool";
		};
/* End PBXNativeTarget section */

/* Begin PBXProject section */
		D2BAF0F9E1AF44E5EE14BD4F /* Project object */ = {
			isa = PBXProject;
			attributes = {
				LastUpgradeCheck = 0820;
				ORGANIZATIONNAME = ___FULLUSERNAME___;
			};
			buildConfigurationList = D2BAF193FC99ACC1B6370C13 /* Build configuration list for PBXProject "study" */;
			compatibilityVersion = "Xcode 3.2";
			developmentRegion = English;
			hasScannedForEncodings = 0;
			knownRegions = (
				en,
			);
			mainGroup = D2BAFB9E975DD351EFB53978;
			productRefGroup = D2BAF58DB95218B0C831EC82 /* Products */;
			projectDirPath = "";
			projectRoot = "";
			targets = (
				D2BAFE67F82D2B5D967CAD3B /* study */,
			);
		};
/* End PBXProject section */

/* Begin PBXShellScriptBuildPhase section */
		9D1DF952FB4319254C63730B /* [CP] Check Pods Manifest.lock */ = {
			isa = PBXShellScriptBuildPhase;
			buildActionMask = 2147483647;
			files = (
			);
			inputPaths = (
			);
			name = "[CP] Check Pods Manifest.lock";
			outputPaths = (
			);
			runOnlyForDeploymentPostprocessing = 0;
			shellPath = /bin/sh;
			shellScript = "diff \"${PODS_PODFILE_DIR_PATH}/Podfile.lock\" \"${PODS_ROOT}/Manifest.lock\" > /dev/null\nif [ $? != 0 ] ; then\n    # print error to STDERR\n    echo \"error: The sandbox is not in sync with the Podfile.lock. Run 'pod install' or update your CocoaPods installation.\" >&2\n    exit 1\nfi\n";
			showEnvVarsInLog = 0;
		};
		EF41736FEAB920154DF271B0 /* [CP] Copy Pods Resources */ = {
			isa = PBXShellScriptBuildPhase;
			buildActionMask = 2147483647;
			files = (
			);
			inputPaths = (
			);
			name = "[CP] Copy Pods Resources";
			outputPaths = (
			);
			runOnlyForDeploymentPostprocessing = 0;
			shellPath = /bin/sh;
			shellScript = "\"${SRCROOT}/Pods/Target Support Files/Pods-study/Pods-study-resources.sh\"\n";
			showEnvVarsInLog = 0;
		};
/* End PBXShellScriptBuildPhase section */

/* Begin PBXSourcesBuildPhase section */
		D2BAF00D9C3908BCD3A8EC6E /* Sources */ = {
			isa = PBXSourcesBuildPhase;
			buildActionMask = 2147483647;
			files = (
				D2BAF2794D34368C3E205A85 /* main.swift in Sources */,
			);
			runOnlyForDeploymentPostprocessing = 0;
		};
/* End PBXSourcesBuildPhase section */

/* Begin XCBuildConfiguration section */
		D2BAF1D67AD3F70CB1D1609F /* Release */ = {
			isa = XCBuildConfiguration;
			baseConfigurationReference = 3A1B3BEB32B3B5B5A4347C21 /* Pods-study.release.xcconfig */;
			buildSettings = {
				PRODUCT_NAME = "$(TARGET_NAME)";
				SWIFT_VERSION = 3.0;
			};
			name = Release;
		};
		D2BAF2E2BB674AB33DC7694A /* Debug */ = {
			isa = XCBuildConfiguration;
			baseConfigurationReference = C0783932FC7A8D3D1216C877 /* Pods-study.debug.xcconfig */;
			buildSettings = {
				PRODUCT_NAME = "$(TARGET_NAME)";
				SWIFT_VERSION = 3.0;
			};
			name = Debug;
		};
		D2BAF945D0BF9D264592C1D4 /* Release */ = {
			isa = XCBuildConfiguration;
			buildSettings = {
				ALWAYS_SEARCH_USER_PATHS = NO;
				CLANG_ANALYZER_NONNULL = YES;
				CLANG_CXX_LANGUAGE_STANDARD = "gnu++0x";
				CLANG_CXX_LIBRARY = "libc++";
				CLANG_ENABLE_MODULES = YES;
				CLANG_ENABLE_OBJC_ARC = YES;
				CLANG_WARN_BOOL_CONVERSION = YES;
				CLANG_WARN_CONSTANT_CONVERSION = YES;
				CLANG_WARN_DIRECT_OBJC_ISA_USAGE = YES_ERROR;
				CLANG_WARN_DOCUMENTATION_COMMENTS = YES;
				CLANG_WARN_EMPTY_BODY = YES;
				CLANG_WARN_ENUM_CONVERSION = YES;
				CLANG_WARN_INFINITE_RECURSION = YES;
				CLANG_WARN_INT_CONVERSION = YES;
				CLANG_WARN_OBJC_ROOT_CLASS = YES_ERROR;
				CLANG_WARN_SUSPICIOUS_MOVE = YES;
				CLANG_WARN_UNREACHABLE_CODE = YES;
				CLANG_WARN__DUPLICATE_METHOD_MATCH = YES;
				CODE_SIGN_IDENTITY = "-";
				COPY_PHASE_STRIP = NO;
				DEBUG_INFORMATION_FORMAT = "dwarf-with-dsym";
				ENABLE_NS_ASSERTIONS = NO;
				ENABLE_STRICT_OBJC_MSGSEND = YES;
				GCC_C_LANGUAGE_STANDARD = gnu99;
				GCC_NO_COMMON_BLOCKS = YES;
				GCC_WARN_64_TO_32_BIT_CONVERSION = YES;
				GCC_WARN_ABOUT_RETURN_TYPE = YES_ERROR;
				GCC_WARN_UNDECLARED_SELECTOR = YES;
				GCC_WARN_UNINITIALIZED_AUTOS = YES_AGGRESSIVE;
				GCC_WARN_UNUSED_FUNCTION = YES;
				GCC_WARN_UNUSED_VARIABLE = YES;
				MACOSX_DEPLOYMENT_TARGET = 10.12;
				MTL_ENABLE_DEBUG_INFO = NO;
				SDKROOT = macosx;
				SWIFT_OPTIMIZATION_LEVEL = "-Owholemodule";
			};
			name = Release;
		};
		D2BAF9D75901C4C269AE97F5 /* Debug */ = {
			isa = XCBuildConfiguration;
			buildSettings = {
				ALWAYS_SEARCH_USER_PATHS = NO;
				CLANG_ANALYZER_NONNULL = YES;
				CLANG_CXX_LANGUAGE_STANDARD = "gnu++0x";
				CLANG_CXX_LIBRARY = "libc++";
				CLANG_ENABLE_MODULES = YES;
				CLANG_ENABLE_OBJC_ARC = YES;
				CLANG_WARN_BOOL_CONVERSION = YES;
				CLANG_WARN_CONSTANT_CONVERSION = YES;
				CLANG_WARN_DIRECT_OBJC_ISA_USAGE = YES_ERROR;
				CLANG_WARN_DOCUMENTATION_COMMENTS = YES;
				CLANG_WARN_EMPTY_BODY = YES;
				CLANG_WARN_ENUM_CONVERSION = YES;
				CLANG_WARN_INFINITE_RECURSION = YES;
				CLANG_WARN_INT_CONVERSION = YES;
				CLANG_WARN_OBJC_ROOT_CLASS = YES_ERROR;
				CLANG_WARN_SUSPICIOUS_MOVE = YES;
				CLANG_WARN_UNREACHABLE_CODE = YES;
				CLANG_WARN__DUPLICATE_METHOD_MATCH = YES;
				CODE_SIGN_IDENTITY = "-";
				COPY_PHASE_STRIP = NO;
				DEBUG_INFORMATION_FORMAT = dwarf;
				ENABLE_STRICT_OBJC_MSGSEND = YES;
				ENABLE_TESTABILITY = YES;
				GCC_C_LANGUAGE_STANDARD = gnu99;
				GCC_DYNAMIC_NO_PIC = NO;
				GCC_NO_COMMON_BLOCKS = YES;
				GCC_OPTIMIZATION_LEVEL = 0;
				GCC_PREPROCESSOR_DEFINITIONS = (
					"DEBUG=1",
					"$(inherited)",
				);
				GCC_WARN_64_TO_32_BIT_CONVERSION = YES;
				GCC_WARN_ABOUT_RETURN_TYPE = YES_ERROR;
				GCC_WARN_UNDECLARED_SELECTOR = YES;
				GCC_WARN_UNINITIALIZED_AUTOS = YES_AGGRESSIVE;
				GCC_WARN_UNUSED_FUNCTION = YES;
				GCC_WARN_UNUSED_VARIABLE = YES;
				MACOSX_DEPLOYMENT_TARGET = 10.12;
				MTL_ENABLE_DEBUG_INFO = YES;
				ONLY_ACTIVE_ARCH = YES;
				SDKROOT = macosx;
				SWIFT_OPTIMIZATION_LEVEL = "-Onone";
			};
			name = Debug;
		};
/* End XCBuildConfiguration section */

/* Begin XCConfigurationList section */
		D2BAF193FC99ACC1B6370C13 /* Build configuration list for PBXProject "study" */ = {
			isa = XCConfigurationList;
			buildConfigurations = (
				D2BAF9D75901C4C269AE97F5 /* Debug */,
				D2BAF945D0BF9D264592C1D4 /* Release */,
			);
			defaultConfigurationIsVisible = 0;
			defaultConfigurationName = Release;
		};
		D2BAF6A4C0E7A1BAE25EB274 /* Build configuration list for PBXNativeTarget "study" */ = {
			isa = XCConfigurationList;
			buildConfigurations = (
				D2BAF2E2BB674AB33DC7694A /* Debug */,
				D2BAF1D67AD3F70CB1D1609F /* Release */,
			);
			defaultConfigurationIsVisible = 0;
			defaultConfigurationName = Release;
		};
/* End XCConfigurationList section */
	};
	rootObject = D2BAF0F9E1AF44E5EE14BD4F /* Project object */;
}
