// !$*UTF8*$!
{
	archiveVersion = 1;
	classes = {
	};
	objectVersion = 46;
	objects = {

/* Begin PBXBuildFile section */
		CDC6C3071E962DDB00EB7130 /* AppDelegate.swift in Sources */ = {isa = PBXBuildFile; fileRef = CDC6C3061E962DDB00EB7130 /* AppDelegate.swift */; };
		CDC6C3091E962DDB00EB7130 /* ViewController.swift in Sources */ = {isa = PBXBuildFile; fileRef = CDC6C3081E962DDB00EB7130 /* ViewController.swift */; };
		CDC6C30C1E962DDB00EB7130 /* Main.storyboard in Resources */ = {isa = PBXBuildFile; fileRef = CDC6C30A1E962DDB00EB7130 /* Main.storyboard */; };
		CDC6C30E1E962DDB00EB7130 /* Assets.xcassets in Resources */ = {isa = PBXBuildFile; fileRef = CDC6C30D1E962DDB00EB7130 /* Assets.xcassets */; };
		CDC6C3111E962DDB00EB7130 /* LaunchScreen.storyboard in Resources */ = {isa = PBXBuildFile; fileRef = CDC6C30F1E962DDB00EB7130 /* LaunchScreen.storyboard */; };
/* End PBXBuildFile section */

/* Begin PBXFileReference section */
		CDC6C3031E962DDB00EB7130 /* swift3.0-test.app */ = {isa = PBXFileReference; explicitFileType = wrapper.application; includeInIndex = 0; path = "swift3.0-test.app"; sourceTree = BUILT_PRODUCTS_DIR; };
		CDC6C3061E962DDB00EB7130 /* AppDelegate.swift */ = {isa = PBXFileReference; lastKnownFileType = sourcecode.swift; path = AppDelegate.swift; sourceTree = "<group>"; };
		CDC6C3081E962DDB00EB7130 /* ViewController.swift */ = {isa = PBXFileReference; lastKnownFileType = sourcecode.swift; path = ViewController.swift; sourceTree = "<group>"; };
		CDC6C30B1E962DDB00EB7130 /* Base */ = {isa = PBXFileReference; lastKnownFileType = file.storyboard; name = Base; path = Base.lproj/Main.storyboard; sourceTree = "<group>"; };
		CDC6C30D1E962DDB00EB7130 /* Assets.xcassets */ = {isa = PBXFileReference; lastKnownFileType = folder.assetcatalog; path = Assets.xcassets; sourceTree = "<group>"; };
		CDC6C3101E962DDB00EB7130 /* Base */ = {isa = PBXFileReference; lastKnownFileType = file.storyboard; name = Base; path = Base.lproj/LaunchScreen.storyboard; sourceTree = "<group>"; };
		CDC6C3121E962DDB00EB7130 /* Info.plist */ = {isa = PBXFileReference; lastKnownFileType = text.plist.xml; path = Info.plist; sourceTree = "<group>"; };
/* End PBXFileReference section */

/* Begin PBXFrameworksBuildPhase section */
		CDC6C3001E962DDB00EB7130 /* Frameworks */ = {
			isa = PBXFrameworksBuildPhase;
			buildActionMask = 2147483647;
			files = (
			);
			runOnlyForDeploymentPostprocessing = 0;
		};
/* End PBXFrameworksBuildPhase section */

/* Begin PBXGroup section */
		CDC6C2FA1E962DDA00EB7130 = {
			isa = PBXGroup;
			children = (
				CDC6C3051E962DDB00EB7130 /* swift3.0-test */,
				CDC6C3041E962DDB00EB7130 /* Products */,
			);
			sourceTree = "<group>";
		};
		CDC6C3041E962DDB00EB7130 /* Products */ = {
			isa = PBXGroup;
			children = (
				CDC6C3031E962DDB00EB7130 /* swift3.0-test.app */,
			);
			name = Products;
			sourceTree = "<group>";
		};
		CDC6C3051E962DDB00EB7130 /* swift3.0-test */ = {
			isa = PBXGroup;
			children = (
				CDC6C3061E962DDB00EB7130 /* AppDelegate.swift */,
				CDC6C3081E962DDB00EB7130 /* ViewController.swift */,
				CDC6C30A1E962DDB00EB7130 /* Main.storyboard */,
				CDC6C30D1E962DDB00EB7130 /* Assets.xcassets */,
				CDC6C30F1E962DDB00EB7130 /* LaunchScreen.storyboard */,
				CDC6C3121E962DDB00EB7130 /* Info.plist */,
			);
			path = "swift3.0-test";
			sourceTree = "<group>";
		};
/* End PBXGroup section */

/* Begin PBXNativeTarget section */
		CDC6C3021E962DDB00EB7130 /* swift3.0-test */ = {
			isa = PBXNativeTarget;
			buildConfigurationList = CDC6C3151E962DDB00EB7130 /* Build configuration list for PBXNativeTarget "swift3.0-test" */;
			buildPhases = (
				CDC6C2FF1E962DDB00EB7130 /* Sources */,
				CDC6C3001E962DDB00EB7130 /* Frameworks */,
				CDC6C3011E962DDB00EB7130 /* Resources */,
			);
			buildRules = (
			);
			dependencies = (
			);
			name = "swift3.0-test";
			productName = "swift3.0-test";
			productReference = CDC6C3031E962DDB00EB7130 /* swift3.0-test.app */;
			productType = "com.apple.product-type.application";
		};
/* End PBXNativeTarget section */

/* Begin PBXProject section */
		CDC6C2FB1E962DDA00EB7130 /* Project object */ = {
			isa = PBXProject;
			attributes = {
				LastSwiftUpdateCheck = 0820;
				LastUpgradeCheck = 0820;
				ORGANIZATIONNAME = xiaomo;
				TargetAttributes = {
					CDC6C3021E962DDB00EB7130 = {
						CreatedOnToolsVersion = 8.2.1;
						DevelopmentTeam = 86WZPAWRAE;
						ProvisioningStyle = Automatic;
					};
				};
			};
			buildConfigurationList = CDC6C2FE1E962DDA00EB7130 /* Build configuration list for PBXProject "swift3.0-test" */;
			compatibilityVersion = "Xcode 3.2";
			developmentRegion = English;
			hasScannedForEncodings = 0;
			knownRegions = (
				en,
				Base,
			);
			mainGroup = CDC6C2FA1E962DDA00EB7130;
			productRefGroup = CDC6C3041E962DDB00EB7130 /* Products */;
			projectDirPath = "";
			projectRoot = "";
			targets = (
				CDC6C3021E962DDB00EB7130 /* swift3.0-test */,
			);
		};
/* End PBXProject section */

/* Begin PBXResourcesBuildPhase section */
		CDC6C3011E962DDB00EB7130 /* Resources */ = {
			isa = PBXResourcesBuildPhase;
			buildActionMask = 2147483647;
			files = (
				CDC6C3111E962DDB00EB7130 /* LaunchScreen.storyboard in Resources */,
				CDC6C30E1E962DDB00EB7130 /* Assets.xcassets in Resources */,
				CDC6C30C1E962DDB00EB7130 /* Main.storyboard in Resources */,
			);
			runOnlyForDeploymentPostprocessing = 0;
		};
/* End PBXResourcesBuildPhase section */

/* Begin PBXSourcesBuildPhase section */
		CDC6C2FF1E962DDB00EB7130 /* Sources */ = {
			isa = PBXSourcesBuildPhase;
			buildActionMask = 2147483647;
			files = (
				CDC6C3091E962DDB00EB7130 /* ViewController.swift in Sources */,
				CDC6C3071E962DDB00EB7130 /* AppDelegate.swift in Sources */,
			);
			runOnlyForDeploymentPostprocessing = 0;
		};
/* End PBXSourcesBuildPhase section */

/* Begin PBXVariantGroup section */
		CDC6C30A1E962DDB00EB7130 /* Main.storyboard */ = {
			isa = PBXVariantGroup;
			children = (
				CDC6C30B1E962DDB00EB7130 /* Base */,
			);
			name = Main.storyboard;
			sourceTree = "<group>";
		};
		CDC6C30F1E962DDB00EB7130 /* LaunchScreen.storyboard */ = {
			isa = PBXVariantGroup;
			children = (
				CDC6C3101E962DDB00EB7130 /* Base */,
			);
			name = LaunchScreen.storyboard;
			sourceTree = "<group>";
		};
/* End PBXVariantGroup section */

/* Begin XCBuildConfiguration section */
		CDC6C3131E962DDB00EB7130 /* Debug */ = {
			isa = XCBuildConfiguration;
			buildSettings = {
				ALWAYS_SEARCH_USER_PATHS = NO;
				CLANG_ANALYZER_NONNULL = YES;
				CLANG_CXX_LANGUAGE_STANDARD = "gnu++0x";
				CLANG_CXX_LIBRARY = "libc++";
				CLANG_ENABLE_MODULES = YES;
				CLANG_ENABLE_OBJC_ARC = YES;
				CLANG_WARN_BOOL_CONVERSION = YES;
				CLANG_WARN_CONSTANT_CONVERSION = YES;
				CLANG_WARN_DIRECT_OBJC_ISA_USAGE = YES_ERROR;
				CLANG_WARN_DOCUMENTATION_COMMENTS = YES;
				CLANG_WARN_EMPTY_BODY = YES;
				CLANG_WARN_ENUM_CONVERSION = YES;
				CLANG_WARN_INFINITE_RECURSION = YES;
				CLANG_WARN_INT_CONVERSION = YES;
				CLANG_WARN_OBJC_ROOT_CLASS = YES_ERROR;
				CLANG_WARN_SUSPICIOUS_MOVE = YES;
				CLANG_WARN_UNREACHABLE_CODE = YES;
				CLANG_WARN__DUPLICATE_METHOD_MATCH = YES;
				"CODE_SIGN_IDENTITY[sdk=iphoneos*]" = "iPhone Developer";
				COPY_PHASE_STRIP = NO;
				DEBUG_INFORMATION_FORMAT = dwarf;
				ENABLE_STRICT_OBJC_MSGSEND = YES;
				ENABLE_TESTABILITY = YES;
				GCC_C_LANGUAGE_STANDARD = gnu99;
				GCC_DYNAMIC_NO_PIC = NO;
				GCC_NO_COMMON_BLOCKS = YES;
				GCC_OPTIMIZATION_LEVEL = 0;
				GCC_PREPROCESSOR_DEFINITIONS = (
					"DEBUG=1",
					"$(inherited)",
				);
				GCC_WARN_64_TO_32_BIT_CONVERSION = YES;
				GCC_WARN_ABOUT_RETURN_TYPE = YES_ERROR;
				GCC_WARN_UNDECLARED_SELECTOR = YES;
				GCC_WARN_UNINITIALIZED_AUTOS = YES_AGGRESSIVE;
				GCC_WARN_UNUSED_FUNCTION = YES;
				GCC_WARN_UNUSED_VARIABLE = YES;
				IPHONEOS_DEPLOYMENT_TARGET = 10.2;
				MTL_ENABLE_DEBUG_INFO = YES;
				ONLY_ACTIVE_ARCH = YES;
				SDKROOT = iphoneos;
				SWIFT_ACTIVE_COMPILATION_CONDITIONS = DEBUG;
				SWIFT_OPTIMIZATION_LEVEL = "-Onone";
			};
			name = Debug;
		};
		CDC6C3141E962DDB00EB7130 /* Release */ = {
			isa = XCBuildConfiguration;
			buildSettings = {
				ALWAYS_SEARCH_USER_PATHS = NO;
				CLANG_ANALYZER_NONNULL = YES;
				CLANG_CXX_LANGUAGE_STANDARD = "gnu++0x";
				CLANG_CXX_LIBRARY = "libc++";
				CLANG_ENABLE_MODULES = YES;
				CLANG_ENABLE_OBJC_ARC = YES;
				CLANG_WARN_BOOL_CONVERSION = YES;
				CLANG_WARN_CONSTANT_CONVERSION = YES;
				CLANG_WARN_DIRECT_OBJC_ISA_USAGE = YES_ERROR;
				CLANG_WARN_DOCUMENTATION_COMMENTS = YES;
				CLANG_WARN_EMPTY_BODY = YES;
				CLANG_WARN_ENUM_CONVERSION = YES;
				CLANG_WARN_INFINITE_RECURSION = YES;
				CLANG_WARN_INT_CONVERSION = YES;
				CLANG_WARN_OBJC_ROOT_CLASS = YES_ERROR;
				CLANG_WARN_SUSPICIOUS_MOVE = YES;
				CLANG_WARN_UNREACHABLE_CODE = YES;
				CLANG_WARN__DUPLICATE_METHOD_MATCH = YES;
				"CODE_SIGN_IDENTITY[sdk=iphoneos*]" = "iPhone Developer";
				COPY_PHASE_STRIP = NO;
				DEBUG_INFORMATION_FORMAT = "dwarf-with-dsym";
				ENABLE_NS_ASSERTIONS = NO;
				ENABLE_STRICT_OBJC_MSGSEND = YES;
				GCC_C_LANGUAGE_STANDARD = gnu99;
				GCC_NO_COMMON_BLOCKS = YES;
				GCC_WARN_64_TO_32_BIT_CONVERSION = YES;
				GCC_WARN_ABOUT_RETURN_TYPE = YES_ERROR;
				GCC_WARN_UNDECLARED_SELECTOR = YES;
				GCC_WARN_UNINITIALIZED_AUTOS = YES_AGGRESSIVE;
				GCC_WARN_UNUSED_FUNCTION = YES;
				GCC_WARN_UNUSED_VARIABLE = YES;
				IPHONEOS_DEPLOYMENT_TARGET = 10.2;
				MTL_ENABLE_DEBUG_INFO = NO;
				SDKROOT = iphoneos;
				SWIFT_OPTIMIZATION_LEVEL = "-Owholemodule";
				VALIDATE_PRODUCT = YES;
			};
			name = Release;
		};
		CDC6C3161E962DDB00EB7130 /* Debug */ = {
			isa = XCBuildConfiguration;
			buildSettings = {
				ASSETCATALOG_COMPILER_APPICON_NAME = AppIcon;
				DEVELOPMENT_TEAM = 86WZPAWRAE;
				INFOPLIST_FILE = "swift3.0-test/Info.plist";
				IPHONEOS_DEPLOYMENT_TARGET = 10.2;
				LD_RUNPATH_SEARCH_PATHS = "$(inherited) @executable_path/Frameworks";
				PRODUCT_BUNDLE_IDENTIFIER = "info.xiaomo.swift3-0-test";
				PRODUCT_NAME = "$(TARGET_NAME)";
				SWIFT_VERSION = 3.0;
			};
			name = Debug;
		};
		CDC6C3171E962DDB00EB7130 /* Release */ = {
			isa = XCBuildConfiguration;
			buildSettings = {
				ASSETCATALOG_COMPILER_APPICON_NAME = AppIcon;
				DEVELOPMENT_TEAM = 86WZPAWRAE;
				INFOPLIST_FILE = "swift3.0-test/Info.plist";
				IPHONEOS_DEPLOYMENT_TARGET = 10.2;
				LD_RUNPATH_SEARCH_PATHS = "$(inherited) @executable_path/Frameworks";
				PRODUCT_BUNDLE_IDENTIFIER = "info.xiaomo.swift3-0-test";
				PRODUCT_NAME = "$(TARGET_NAME)";
				SWIFT_VERSION = 3.0;
			};
			name = Release;
		};
/* End XCBuildConfiguration section */

/* Begin XCConfigurationList section */
		CDC6C2FE1E962DDA00EB7130 /* Build configuration list for PBXProject "swift3.0-test" */ = {
			isa = XCConfigurationList;
			buildConfigurations = (
				CDC6C3131E962DDB00EB7130 /* Debug */,
				CDC6C3141E962DDB00EB7130 /* Release */,
			);
			defaultConfigurationIsVisible = 0;
			defaultConfigurationName = Release;
		};
		CDC6C3151E962DDB00EB7130 /* Build configuration list for PBXNativeTarget "swift3.0-test" */ = {
			isa = XCConfigurationList;
			buildConfigurations = (
				CDC6C3161E962DDB00EB7130 /* Debug */,
				CDC6C3171E962DDB00EB7130 /* Release */,
			);
			defaultConfigurationIsVisible = 0;
		};
/* End XCConfigurationList section */
	};
	rootObject = CDC6C2FB1E962DDA00EB7130 /* Project object */;
}
