// !$*UTF8*$!
{
	archiveVersion = 1;
	classes = {
	};
	objectVersion = 46;
	objects = {

/* Begin PBXBuildFile section */
		CDC6C3BD1E96309900EB7130 /* AppDelegate.swift in Sources */ = {isa = PBXBuildFile; fileRef = CDC6C3BC1E96309900EB7130 /* AppDelegate.swift */; };
		CDC6C3BF1E96309900EB7130 /* ViewController.swift in Sources */ = {isa = PBXBuildFile; fileRef = CDC6C3BE1E96309900EB7130 /* ViewController.swift */; };
		CDC6C3C21E96309900EB7130 /* Main.storyboard in Resources */ = {isa = PBXBuildFile; fileRef = CDC6C3C01E96309900EB7130 /* Main.storyboard */; };
		CDC6C3C51E96309900EB7130 /* xm.xcdatamodeld in Sources */ = {isa = PBXBuildFile; fileRef = CDC6C3C31E96309900EB7130 /* xm.xcdatamodeld */; };
		CDC6C3C71E96309900EB7130 /* Assets.xcassets in Resources */ = {isa = PBXBuildFile; fileRef = CDC6C3C61E96309900EB7130 /* Assets.xcassets */; };
		CDC6C3CA1E96309900EB7130 /* LaunchScreen.storyboard in Resources */ = {isa = PBXBuildFile; fileRef = CDC6C3C81E96309900EB7130 /* LaunchScreen.storyboard */; };
		CDC6C3D51E96309900EB7130 /* xmTests.swift in Sources */ = {isa = PBXBuildFile; fileRef = CDC6C3D41E96309900EB7130 /* xmTests.swift */; };
		CDC6C3E01E96309900EB7130 /* xmUITests.swift in Sources */ = {isa = PBXBuildFile; fileRef = CDC6C3DF1E96309900EB7130 /* xmUITests.swift */; };
/* End PBXBuildFile section */

/* Begin PBXContainerItemProxy section */
		CDC6C3D11E96309900EB7130 /* PBXContainerItemProxy */ = {
			isa = PBXContainerItemProxy;
			containerPortal = CDC6C3B11E96309900EB7130 /* Project object */;
			proxyType = 1;
			remoteGlobalIDString = CDC6C3B81E96309900EB7130;
			remoteInfo = xm;
		};
		CDC6C3DC1E96309900EB7130 /* PBXContainerItemProxy */ = {
			isa = PBXContainerItemProxy;
			containerPortal = CDC6C3B11E96309900EB7130 /* Project object */;
			proxyType = 1;
			remoteGlobalIDString = CDC6C3B81E96309900EB7130;
			remoteInfo = xm;
		};
/* End PBXContainerItemProxy section */

/* Begin PBXFileReference section */
		CDC6C3B91E96309900EB7130 /* xm.app */ = {isa = PBXFileReference; explicitFileType = wrapper.application; includeInIndex = 0; path = xm.app; sourceTree = BUILT_PRODUCTS_DIR; };
		CDC6C3BC1E96309900EB7130 /* AppDelegate.swift */ = {isa = PBXFileReference; lastKnownFileType = sourcecode.swift; path = AppDelegate.swift; sourceTree = "<group>"; };
		CDC6C3BE1E96309900EB7130 /* ViewController.swift */ = {isa = PBXFileReference; lastKnownFileType = sourcecode.swift; path = ViewController.swift; sourceTree = "<group>"; };
		CDC6C3C11E96309900EB7130 /* Base */ = {isa = PBXFileReference; lastKnownFileType = file.storyboard; name = Base; path = Base.lproj/Main.storyboard; sourceTree = "<group>"; };
		CDC6C3C41E96309900EB7130 /* xm.xcdatamodel */ = {isa = PBXFileReference; lastKnownFileType = wrapper.xcdatamodel; path = xm.xcdatamodel; sourceTree = "<group>"; };
		CDC6C3C61E96309900EB7130 /* Assets.xcassets */ = {isa = PBXFileReference; lastKnownFileType = folder.assetcatalog; path = Assets.xcassets; sourceTree = "<group>"; };
		CDC6C3C91E96309900EB7130 /* Base */ = {isa = PBXFileReference; lastKnownFileType = file.storyboard; name = Base; path = Base.lproj/LaunchScreen.storyboard; sourceTree = "<group>"; };
		CDC6C3CB1E96309900EB7130 /* Info.plist */ = {isa = PBXFileReference; lastKnownFileType = text.plist.xml; path = Info.plist; sourceTree = "<group>"; };
		CDC6C3D01E96309900EB7130 /* xmTests.xctest */ = {isa = PBXFileReference; explicitFileType = wrapper.cfbundle; includeInIndex = 0; path = xmTests.xctest; sourceTree = BUILT_PRODUCTS_DIR; };
		CDC6C3D41E96309900EB7130 /* xmTests.swift */ = {isa = PBXFileReference; lastKnownFileType = sourcecode.swift; path = xmTests.swift; sourceTree = "<group>"; };
		CDC6C3D61E96309900EB7130 /* Info.plist */ = {isa = PBXFileReference; lastKnownFileType = text.plist.xml; path = Info.plist; sourceTree = "<group>"; };
		CDC6C3DB1E96309900EB7130 /* xmUITests.xctest */ = {isa = PBXFileReference; explicitFileType = wrapper.cfbundle; includeInIndex = 0; path = xmUITests.xctest; sourceTree = BUILT_PRODUCTS_DIR; };
		CDC6C3DF1E96309900EB7130 /* xmUITests.swift */ = {isa = PBXFileReference; lastKnownFileType = sourcecode.swift; path = xmUITests.swift; sourceTree = "<group>"; };
		CDC6C3E11E96309900EB7130 /* Info.plist */ = {isa = PBXFileReference; lastKnownFileType = text.plist.xml; path = Info.plist; sourceTree = "<group>"; };
/* End PBXFileReference section */

/* Begin PBXFrameworksBuildPhase section */
		CDC6C3B61E96309900EB7130 /* Frameworks */ = {
			isa = PBXFrameworksBuildPhase;
			buildActionMask = 2147483647;
			files = (
			);
			runOnlyForDeploymentPostprocessing = 0;
		};
		CDC6C3CD1E96309900EB7130 /* Frameworks */ = {
			isa = PBXFrameworksBuildPhase;
			buildActionMask = 2147483647;
			files = (
			);
			runOnlyForDeploymentPostprocessing = 0;
		};
		CDC6C3D81E96309900EB7130 /* Frameworks */ = {
			isa = PBXFrameworksBuildPhase;
			buildActionMask = 2147483647;
			files = (
			);
			runOnlyForDeploymentPostprocessing = 0;
		};
/* End PBXFrameworksBuildPhase section */

/* Begin PBXGroup section */
		CDC6C3B01E96309900EB7130 = {
			isa = PBXGroup;
			children = (
				CDC6C3BB1E96309900EB7130 /* xm */,
				CDC6C3D31E96309900EB7130 /* xmTests */,
				CDC6C3DE1E96309900EB7130 /* xmUITests */,
				CDC6C3BA1E96309900EB7130 /* Products */,
			);
			sourceTree = "<group>";
		};
		CDC6C3BA1E96309900EB7130 /* Products */ = {
			isa = PBXGroup;
			children = (
				CDC6C3B91E96309900EB7130 /* xm.app */,
				CDC6C3D01E96309900EB7130 /* xmTests.xctest */,
				CDC6C3DB1E96309900EB7130 /* xmUITests.xctest */,
			);
			name = Products;
			sourceTree = "<group>";
		};
		CDC6C3BB1E96309900EB7130 /* xm */ = {
			isa = PBXGroup;
			children = (
				CDC6C3BC1E96309900EB7130 /* AppDelegate.swift */,
				CDC6C3BE1E96309900EB7130 /* ViewController.swift */,
				CDC6C3C01E96309900EB7130 /* Main.storyboard */,
				CDC6C3C61E96309900EB7130 /* Assets.xcassets */,
				CDC6C3C81E96309900EB7130 /* LaunchScreen.storyboard */,
				CDC6C3CB1E96309900EB7130 /* Info.plist */,
				CDC6C3C31E96309900EB7130 /* xm.xcdatamodeld */,
			);
			path = xm;
			sourceTree = "<group>";
		};
		CDC6C3D31E96309900EB7130 /* xmTests */ = {
			isa = PBXGroup;
			children = (
				CDC6C3D41E96309900EB7130 /* xmTests.swift */,
				CDC6C3D61E96309900EB7130 /* Info.plist */,
			);
			path = xmTests;
			sourceTree = "<group>";
		};
		CDC6C3DE1E96309900EB7130 /* xmUITests */ = {
			isa = PBXGroup;
			children = (
				CDC6C3DF1E96309900EB7130 /* xmUITests.swift */,
				CDC6C3E11E96309900EB7130 /* Info.plist */,
			);
			path = xmUITests;
			sourceTree = "<group>";
		};
/* End PBXGroup section */

/* Begin PBXNativeTarget section */
		CDC6C3B81E96309900EB7130 /* xm */ = {
			isa = PBXNativeTarget;
			buildConfigurationList = CDC6C3E41E96309900EB7130 /* Build configuration list for PBXNativeTarget "xm" */;
			buildPhases = (
				CDC6C3B51E96309900EB7130 /* Sources */,
				CDC6C3B61E96309900EB7130 /* Frameworks */,
				CDC6C3B71E96309900EB7130 /* Resources */,
			);
			buildRules = (
			);
			dependencies = (
			);
			name = xm;
			productName = xm;
			productReference = CDC6C3B91E96309900EB7130 /* xm.app */;
			productType = "com.apple.product-type.application";
		};
		CDC6C3CF1E96309900EB7130 /* xmTests */ = {
			isa = PBXNativeTarget;
			buildConfigurationList = CDC6C3E71E96309900EB7130 /* Build configuration list for PBXNativeTarget "xmTests" */;
			buildPhases = (
				CDC6C3CC1E96309900EB7130 /* Sources */,
				CDC6C3CD1E96309900EB7130 /* Frameworks */,
				CDC6C3CE1E96309900EB7130 /* Resources */,
			);
			buildRules = (
			);
			dependencies = (
				CDC6C3D21E96309900EB7130 /* PBXTargetDependency */,
			);
			name = xmTests;
			productName = xmTests;
			productReference = CDC6C3D01E96309900EB7130 /* xmTests.xctest */;
			productType = "com.apple.product-type.bundle.unit-test";
		};
		CDC6C3DA1E96309900EB7130 /* xmUITests */ = {
			isa = PBXNativeTarget;
			buildConfigurationList = CDC6C3EA1E96309900EB7130 /* Build configuration list for PBXNativeTarget "xmUITests" */;
			buildPhases = (
				CDC6C3D71E96309900EB7130 /* Sources */,
				CDC6C3D81E96309900EB7130 /* Frameworks */,
				CDC6C3D91E96309900EB7130 /* Resources */,
			);
			buildRules = (
			);
			dependencies = (
				CDC6C3DD1E96309900EB7130 /* PBXTargetDependency */,
			);
			name = xmUITests;
			productName = xmUITests;
			productReference = CDC6C3DB1E96309900EB7130 /* xmUITests.xctest */;
			productType = "com.apple.product-type.bundle.ui-testing";
		};
/* End PBXNativeTarget section */

/* Begin PBXProject section */
		CDC6C3B11E96309900EB7130 /* Project object */ = {
			isa = PBXProject;
			attributes = {
				LastSwiftUpdateCheck = 0820;
				LastUpgradeCheck = 0820;
				ORGANIZATIONNAME = xiaomo;
				TargetAttributes = {
					CDC6C3B81E96309900EB7130 = {
						CreatedOnToolsVersion = 8.2.1;
						DevelopmentTeam = 86WZPAWRAE;
						ProvisioningStyle = Automatic;
					};
					CDC6C3CF1E96309900EB7130 = {
						CreatedOnToolsVersion = 8.2.1;
						DevelopmentTeam = 86WZPAWRAE;
						ProvisioningStyle = Automatic;
						TestTargetID = CDC6C3B81E96309900EB7130;
					};
					CDC6C3DA1E96309900EB7130 = {
						CreatedOnToolsVersion = 8.2.1;
						DevelopmentTeam = 86WZPAWRAE;
						ProvisioningStyle = Automatic;
						TestTargetID = CDC6C3B81E96309900EB7130;
					};
				};
			};
			buildConfigurationList = CDC6C3B41E96309900EB7130 /* Build configuration list for PBXProject "xm" */;
			compatibilityVersion = "Xcode 3.2";
			developmentRegion = English;
			hasScannedForEncodings = 0;
			knownRegions = (
				en,
				Base,
			);
			mainGroup = CDC6C3B01E96309900EB7130;
			productRefGroup = CDC6C3BA1E96309900EB7130 /* Products */;
			projectDirPath = "";
			projectRoot = "";
			targets = (
				CDC6C3B81E96309900EB7130 /* xm */,
				CDC6C3CF1E96309900EB7130 /* xmTests */,
				CDC6C3DA1E96309900EB7130 /* xmUITests */,
			);
		};
/* End PBXProject section */

/* Begin PBXResourcesBuildPhase section */
		CDC6C3B71E96309900EB7130 /* Resources */ = {
			isa = PBXResourcesBuildPhase;
			buildActionMask = 2147483647;
			files = (
				CDC6C3CA1E96309900EB7130 /* LaunchScreen.storyboard in Resources */,
				CDC6C3C71E96309900EB7130 /* Assets.xcassets in Resources */,
				CDC6C3C21E96309900EB7130 /* Main.storyboard in Resources */,
			);
			runOnlyForDeploymentPostprocessing = 0;
		};
		CDC6C3CE1E96309900EB7130 /* Resources */ = {
			isa = PBXResourcesBuildPhase;
			buildActionMask = 2147483647;
			files = (
			);
			runOnlyForDeploymentPostprocessing = 0;
		};
		CDC6C3D91E96309900EB7130 /* Resources */ = {
			isa = PBXResourcesBuildPhase;
			buildActionMask = 2147483647;
			files = (
			);
			runOnlyForDeploymentPostprocessing = 0;
		};
/* End PBXResourcesBuildPhase section */

/* Begin PBXSourcesBuildPhase section */
		CDC6C3B51E96309900EB7130 /* Sources */ = {
			isa = PBXSourcesBuildPhase;
			buildActionMask = 2147483647;
			files = (
				CDC6C3C51E96309900EB7130 /* xm.xcdatamodeld in Sources */,
				CDC6C3BF1E96309900EB7130 /* ViewController.swift in Sources */,
				CDC6C3BD1E96309900EB7130 /* AppDelegate.swift in Sources */,
			);
			runOnlyForDeploymentPostprocessing = 0;
		};
		CDC6C3CC1E96309900EB7130 /* Sources */ = {
			isa = PBXSourcesBuildPhase;
			buildActionMask = 2147483647;
			files = (
				CDC6C3D51E96309900EB7130 /* xmTests.swift in Sources */,
			);
			runOnlyForDeploymentPostprocessing = 0;
		};
		CDC6C3D71E96309900EB7130 /* Sources */ = {
			isa = PBXSourcesBuildPhase;
			buildActionMask = 2147483647;
			files = (
				CDC6C3E01E96309900EB7130 /* xmUITests.swift in Sources */,
			);
			runOnlyForDeploymentPostprocessing = 0;
		};
/* End PBXSourcesBuildPhase section */

/* Begin PBXTargetDependency section */
		CDC6C3D21E96309900EB7130 /* PBXTargetDependency */ = {
			isa = PBXTargetDependency;
			target = CDC6C3B81E96309900EB7130 /* xm */;
			targetProxy = CDC6C3D11E96309900EB7130 /* PBXContainerItemProxy */;
		};
		CDC6C3DD1E96309900EB7130 /* PBXTargetDependency */ = {
			isa = PBXTargetDependency;
			target = CDC6C3B81E96309900EB7130 /* xm */;
			targetProxy = CDC6C3DC1E96309900EB7130 /* PBXContainerItemProxy */;
		};
/* End PBXTargetDependency section */

/* Begin PBXVariantGroup section */
		CDC6C3C01E96309900EB7130 /* Main.storyboard */ = {
			isa = PBXVariantGroup;
			children = (
				CDC6C3C11E96309900EB7130 /* Base */,
			);
			name = Main.storyboard;
			sourceTree = "<group>";
		};
		CDC6C3C81E96309900EB7130 /* LaunchScreen.storyboard */ = {
			isa = PBXVariantGroup;
			children = (
				CDC6C3C91E96309900EB7130 /* Base */,
			);
			name = LaunchScreen.storyboard;
			sourceTree = "<group>";
		};
/* End PBXVariantGroup section */

/* Begin XCBuildConfiguration section */
		CDC6C3E21E96309900EB7130 /* Debug */ = {
			isa = XCBuildConfiguration;
			buildSettings = {
				ALWAYS_SEARCH_USER_PATHS = NO;
				CLANG_ANALYZER_NONNULL = YES;
				CLANG_CXX_LANGUAGE_STANDARD = "gnu++0x";
				CLANG_CXX_LIBRARY = "libc++";
				CLANG_ENABLE_MODULES = YES;
				CLANG_ENABLE_OBJC_ARC = YES;
				CLANG_WARN_BOOL_CONVERSION = YES;
				CLANG_WARN_CONSTANT_CONVERSION = YES;
				CLANG_WARN_DIRECT_OBJC_ISA_USAGE = YES_ERROR;
				CLANG_WARN_DOCUMENTATION_COMMENTS = YES;
				CLANG_WARN_EMPTY_BODY = YES;
				CLANG_WARN_ENUM_CONVERSION = YES;
				CLANG_WARN_INFINITE_RECURSION = YES;
				CLANG_WARN_INT_CONVERSION = YES;
				CLANG_WARN_OBJC_ROOT_CLASS = YES_ERROR;
				CLANG_WARN_SUSPICIOUS_MOVE = YES;
				CLANG_WARN_UNREACHABLE_CODE = YES;
				CLANG_WARN__DUPLICATE_METHOD_MATCH = YES;
				"CODE_SIGN_IDENTITY[sdk=iphoneos*]" = "iPhone Developer";
				COPY_PHASE_STRIP = NO;
				DEBUG_INFORMATION_FORMAT = dwarf;
				ENABLE_STRICT_OBJC_MSGSEND = YES;
				ENABLE_TESTABILITY = YES;
				GCC_C_LANGUAGE_STANDARD = gnu99;
				GCC_DYNAMIC_NO_PIC = NO;
				GCC_NO_COMMON_BLOCKS = YES;
				GCC_OPTIMIZATION_LEVEL = 0;
				GCC_PREPROCESSOR_DEFINITIONS = (
					"DEBUG=1",
					"$(inherited)",
				);
				GCC_WARN_64_TO_32_BIT_CONVERSION = YES;
				GCC_WARN_ABOUT_RETURN_TYPE = YES_ERROR;
				GCC_WARN_UNDECLARED_SELECTOR = YES;
				GCC_WARN_UNINITIALIZED_AUTOS = YES_AGGRESSIVE;
				GCC_WARN_UNUSED_FUNCTION = YES;
				GCC_WARN_UNUSED_VARIABLE = YES;
				IPHONEOS_DEPLOYMENT_TARGET = 10.2;
				MTL_ENABLE_DEBUG_INFO = YES;
				ONLY_ACTIVE_ARCH = YES;
				SDKROOT = iphoneos;
				SWIFT_ACTIVE_COMPILATION_CONDITIONS = DEBUG;
				SWIFT_OPTIMIZATION_LEVEL = "-Onone";
			};
			name = Debug;
		};
		CDC6C3E31E96309900EB7130 /* Release */ = {
			isa = XCBuildConfiguration;
			buildSettings = {
				ALWAYS_SEARCH_USER_PATHS = NO;
				CLANG_ANALYZER_NONNULL = YES;
				CLANG_CXX_LANGUAGE_STANDARD = "gnu++0x";
				CLANG_CXX_LIBRARY = "libc++";
				CLANG_ENABLE_MODULES = YES;
				CLANG_ENABLE_OBJC_ARC = YES;
				CLANG_WARN_BOOL_CONVERSION = YES;
				CLANG_WARN_CONSTANT_CONVERSION = YES;
				CLANG_WARN_DIRECT_OBJC_ISA_USAGE = YES_ERROR;
				CLANG_WARN_DOCUMENTATION_COMMENTS = YES;
				CLANG_WARN_EMPTY_BODY = YES;
				CLANG_WARN_ENUM_CONVERSION = YES;
				CLANG_WARN_INFINITE_RECURSION = YES;
				CLANG_WARN_INT_CONVERSION = YES;
				CLANG_WARN_OBJC_ROOT_CLASS = YES_ERROR;
				CLANG_WARN_SUSPICIOUS_MOVE = YES;
				CLANG_WARN_UNREACHABLE_CODE = YES;
				CLANG_WARN__DUPLICATE_METHOD_MATCH = YES;
				"CODE_SIGN_IDENTITY[sdk=iphoneos*]" = "iPhone Developer";
				COPY_PHASE_STRIP = NO;
				DEBUG_INFORMATION_FORMAT = "dwarf-with-dsym";
				ENABLE_NS_ASSERTIONS = NO;
				ENABLE_STRICT_OBJC_MSGSEND = YES;
				GCC_C_LANGUAGE_STANDARD = gnu99;
				GCC_NO_COMMON_BLOCKS = YES;
				GCC_WARN_64_TO_32_BIT_CONVERSION = YES;
				GCC_WARN_ABOUT_RETURN_TYPE = YES_ERROR;
				GCC_WARN_UNDECLARED_SELECTOR = YES;
				GCC_WARN_UNINITIALIZED_AUTOS = YES_AGGRESSIVE;
				GCC_WARN_UNUSED_FUNCTION = YES;
				GCC_WARN_UNUSED_VARIABLE = YES;
				IPHONEOS_DEPLOYMENT_TARGET = 10.2;
				MTL_ENABLE_DEBUG_INFO = NO;
				SDKROOT = iphoneos;
				SWIFT_OPTIMIZATION_LEVEL = "-Owholemodule";
				VALIDATE_PRODUCT = YES;
			};
			name = Release;
		};
		CDC6C3E51E96309900EB7130 /* Debug */ = {
			isa = XCBuildConfiguration;
			buildSettings = {
				ASSETCATALOG_COMPILER_APPICON_NAME = AppIcon;
				DEVELOPMENT_TEAM = 86WZPAWRAE;
				INFOPLIST_FILE = xm/Info.plist;
				LD_RUNPATH_SEARCH_PATHS = "$(inherited) @executable_path/Frameworks";
				PRODUCT_BUNDLE_IDENTIFIER = info.xiaomo.xm;
				PRODUCT_NAME = "$(TARGET_NAME)";
				SWIFT_VERSION = 3.0;
			};
			name = Debug;
		};
		CDC6C3E61E96309900EB7130 /* Release */ = {
			isa = XCBuildConfiguration;
			buildSettings = {
				ASSETCATALOG_COMPILER_APPICON_NAME = AppIcon;
				DEVELOPMENT_TEAM = 86WZPAWRAE;
				INFOPLIST_FILE = xm/Info.plist;
				LD_RUNPATH_SEARCH_PATHS = "$(inherited) @executable_path/Frameworks";
				PRODUCT_BUNDLE_IDENTIFIER = info.xiaomo.xm;
				PRODUCT_NAME = "$(TARGET_NAME)";
				SWIFT_VERSION = 3.0;
			};
			name = Release;
		};
		CDC6C3E81E96309900EB7130 /* Debug */ = {
			isa = XCBuildConfiguration;
			buildSettings = {
				ALWAYS_EMBED_SWIFT_STANDARD_LIBRARIES = YES;
				BUNDLE_LOADER = "$(TEST_HOST)";
				DEVELOPMENT_TEAM = 86WZPAWRAE;
				INFOPLIST_FILE = xmTests/Info.plist;
				LD_RUNPATH_SEARCH_PATHS = "$(inherited) @executable_path/Frameworks @loader_path/Frameworks";
				PRODUCT_BUNDLE_IDENTIFIER = info.xiaomo.xmTests;
				PRODUCT_NAME = "$(TARGET_NAME)";
				SWIFT_VERSION = 3.0;
				TEST_HOST = "$(BUILT_PRODUCTS_DIR)/xm.app/xm";
			};
			name = Debug;
		};
		CDC6C3E91E96309900EB7130 /* Release */ = {
			isa = XCBuildConfiguration;
			buildSettings = {
				ALWAYS_EMBED_SWIFT_STANDARD_LIBRARIES = YES;
				BUNDLE_LOADER = "$(TEST_HOST)";
				DEVELOPMENT_TEAM = 86WZPAWRAE;
				INFOPLIST_FILE = xmTests/Info.plist;
				LD_RUNPATH_SEARCH_PATHS = "$(inherited) @executable_path/Frameworks @loader_path/Frameworks";
				PRODUCT_BUNDLE_IDENTIFIER = info.xiaomo.xmTests;
				PRODUCT_NAME = "$(TARGET_NAME)";
				SWIFT_VERSION = 3.0;
				TEST_HOST = "$(BUILT_PRODUCTS_DIR)/xm.app/xm";
			};
			name = Release;
		};
		CDC6C3EB1E96309900EB7130 /* Debug */ = {
			isa = XCBuildConfiguration;
			buildSettings = {
				ALWAYS_EMBED_SWIFT_STANDARD_LIBRARIES = YES;
				DEVELOPMENT_TEAM = 86WZPAWRAE;
				INFOPLIST_FILE = xmUITests/Info.plist;
				LD_RUNPATH_SEARCH_PATHS = "$(inherited) @executable_path/Frameworks @loader_path/Frameworks";
				PRODUCT_BUNDLE_IDENTIFIER = info.xiaomo.xmUITests;
				PRODUCT_NAME = "$(TARGET_NAME)";
				SWIFT_VERSION = 3.0;
				TEST_TARGET_NAME = xm;
			};
			name = Debug;
		};
		CDC6C3EC1E96309900EB7130 /* Release */ = {
			isa = XCBuildConfiguration;
			buildSettings = {
				ALWAYS_EMBED_SWIFT_STANDARD_LIBRARIES = YES;
				DEVELOPMENT_TEAM = 86WZPAWRAE;
				INFOPLIST_FILE = xmUITests/Info.plist;
				LD_RUNPATH_SEARCH_PATHS = "$(inherited) @executable_path/Frameworks @loader_path/Frameworks";
				PRODUCT_BUNDLE_IDENTIFIER = info.xiaomo.xmUITests;
				PRODUCT_NAME = "$(TARGET_NAME)";
				SWIFT_VERSION = 3.0;
				TEST_TARGET_NAME = xm;
			};
			name = Release;
		};
/* End XCBuildConfiguration section */

/* Begin XCConfigurationList section */
		CDC6C3B41E96309900EB7130 /* Build configuration list for PBXProject "xm" */ = {
			isa = XCConfigurationList;
			buildConfigurations = (
				CDC6C3E21E96309900EB7130 /* Debug */,
				CDC6C3E31E96309900EB7130 /* Release */,
			);
			defaultConfigurationIsVisible = 0;
			defaultConfigurationName = Release;
		};
		CDC6C3E41E96309900EB7130 /* Build configuration list for PBXNativeTarget "xm" */ = {
			isa = XCConfigurationList;
			buildConfigurations = (
				CDC6C3E51E96309900EB7130 /* Debug */,
				CDC6C3E61E96309900EB7130 /* Release */,
			);
			defaultConfigurationIsVisible = 0;
		};
		CDC6C3E71E96309900EB7130 /* Build configuration list for PBXNativeTarget "xmTests" */ = {
			isa = XCConfigurationList;
			buildConfigurations = (
				CDC6C3E81E96309900EB7130 /* Debug */,
				CDC6C3E91E96309900EB7130 /* Release */,
			);
			defaultConfigurationIsVisible = 0;
		};
		CDC6C3EA1E96309900EB7130 /* Build configuration list for PBXNativeTarget "xmUITests" */ = {
			isa = XCConfigurationList;
			buildConfigurations = (
				CDC6C3EB1E96309900EB7130 /* Debug */,
				CDC6C3EC1E96309900EB7130 /* Release */,
			);
			defaultConfigurationIsVisible = 0;
		};
/* End XCConfigurationList section */

/* Begin XCVersionGroup section */
		CDC6C3C31E96309900EB7130 /* xm.xcdatamodeld */ = {
			isa = XCVersionGroup;
			children = (
				CDC6C3C41E96309900EB7130 /* xm.xcdatamodel */,
			);
			currentVersion = CDC6C3C41E96309900EB7130 /* xm.xcdatamodel */;
			path = xm.xcdatamodeld;
			sourceTree = "<group>";
			versionGroupType = wrapper.xcdatamodel;
		};
/* End XCVersionGroup section */
	};
	rootObject = CDC6C3B11E96309900EB7130 /* Project object */;
}
